// !$*UTF8*$!
{
	archiveVersion = 1;
	classes = {
	};
	objectVersion = 55;
	objects = {

/* Begin PBXBuildFile section */
		1D8F0CFA27F5916100E0ACE1 /* NateListApp.swift in Sources */ = {isa = PBXBuildFile; fileRef = 1D8F0CF927F5916100E0ACE1 /* NateListApp.swift */; };
		1D8F0CFC27F5916100E0ACE1 /* ContentView.swift in Sources */ = {isa = PBXBuildFile; fileRef = 1D8F0CFB27F5916100E0ACE1 /* ContentView.swift */; };
		1D8F0CFE27F5916400E0ACE1 /* Assets.xcassets in Resources */ = {isa = PBXBuildFile; fileRef = 1D8F0CFD27F5916400E0ACE1 /* Assets.xcassets */; };
		1D8F0D0127F5916400E0ACE1 /* Preview Assets.xcassets in Resources */ = {isa = PBXBuildFile; fileRef = 1D8F0D0027F5916400E0ACE1 /* Preview Assets.xcassets */; };
		1D8F0D0B27F5916500E0ACE1 /* NateListTests.swift in Sources */ = {isa = PBXBuildFile; fileRef = 1D8F0D0A27F5916500E0ACE1 /* NateListTests.swift */; };
		1D8F0D1527F5916500E0ACE1 /* NateListUITests.swift in Sources */ = {isa = PBXBuildFile; fileRef = 1D8F0D1427F5916500E0ACE1 /* NateListUITests.swift */; };
		1D8F0D1727F5916500E0ACE1 /* NateListUITestsLaunchTests.swift in Sources */ = {isa = PBXBuildFile; fileRef = 1D8F0D1627F5916500E0ACE1 /* NateListUITestsLaunchTests.swift */; };
/* End PBXBuildFile section */

/* Begin PBXContainerItemProxy section */
		1D8F0D0727F5916500E0ACE1 /* PBXContainerItemProxy */ = {
			isa = PBXContainerItemProxy;
			containerPortal = 1D8F0CEE27F5916100E0ACE1 /* Project object */;
			proxyType = 1;
			remoteGlobalIDString = 1D8F0CF527F5916100E0ACE1;
			remoteInfo = NateList;
		};
		1D8F0D1127F5916500E0ACE1 /* PBXContainerItemProxy */ = {
			isa = PBXContainerItemProxy;
			containerPortal = 1D8F0CEE27F5916100E0ACE1 /* Project object */;
			proxyType = 1;
			remoteGlobalIDString = 1D8F0CF527F5916100E0ACE1;
			remoteInfo = NateList;
		};
/* End PBXContainerItemProxy section */

/* Begin PBXFileReference section */
		1D8F0CF627F5916100E0ACE1 /* NateList.app */ = {isa = PBXFileReference; explicitFileType = wrapper.application; includeInIndex = 0; path = NateList.app; sourceTree = BUILT_PRODUCTS_DIR; };
		1D8F0CF927F5916100E0ACE1 /* NateListApp.swift */ = {isa = PBXFileReference; lastKnownFileType = sourcecode.swift; path = NateListApp.swift; sourceTree = "<group>"; };
		1D8F0CFB27F5916100E0ACE1 /* ContentView.swift */ = {isa = PBXFileReference; lastKnownFileType = sourcecode.swift; path = ContentView.swift; sourceTree = "<group>"; };
		1D8F0CFD27F5916400E0ACE1 /* Assets.xcassets */ = {isa = PBXFileReference; lastKnownFileType = folder.assetcatalog; path = Assets.xcassets; sourceTree = "<group>"; };
		1D8F0D0027F5916400E0ACE1 /* Preview Assets.xcassets */ = {isa = PBXFileReference; lastKnownFileType = folder.assetcatalog; path = "Preview Assets.xcassets"; sourceTree = "<group>"; };
		1D8F0D0627F5916500E0ACE1 /* NateListTests.xctest */ = {isa = PBXFileReference; explicitFileType = wrapper.cfbundle; includeInIndex = 0; path = NateListTests.xctest; sourceTree = BUILT_PRODUCTS_DIR; };
		1D8F0D0A27F5916500E0ACE1 /* NateListTests.swift */ = {isa = PBXFileReference; lastKnownFileType = sourcecode.swift; path = NateListTests.swift; sourceTree = "<group>"; };
		1D8F0D1027F5916500E0ACE1 /* NateListUITests.xctest */ = {isa = PBXFileReference; explicitFileType = wrapper.cfbundle; includeInIndex = 0; path = NateListUITests.xctest; sourceTree = BUILT_PRODUCTS_DIR; };
		1D8F0D1427F5916500E0ACE1 /* NateListUITests.swift */ = {isa = PBXFileReference; lastKnownFileType = sourcecode.swift; path = NateListUITests.swift; sourceTree = "<group>"; };
		1D8F0D1627F5916500E0ACE1 /* NateListUITestsLaunchTests.swift */ = {isa = PBXFileReference; lastKnownFileType = sourcecode.swift; path = NateListUITestsLaunchTests.swift; sourceTree = "<group>"; };
/* End PBXFileReference section */

/* Begin PBXFrameworksBuildPhase section */
		1D8F0CF327F5916100E0ACE1 /* Frameworks */ = {
			isa = PBXFrameworksBuildPhase;
			buildActionMask = 2147483647;
			files = (
			);
			runOnlyForDeploymentPostprocessing = 0;
		};
		1D8F0D0327F5916500E0ACE1 /* Frameworks */ = {
			isa = PBXFrameworksBuildPhase;
			buildActionMask = 2147483647;
			files = (
			);
			runOnlyForDeploymentPostprocessing = 0;
		};
		1D8F0D0D27F5916500E0ACE1 /* Frameworks */ = {
			isa = PBXFrameworksBuildPhase;
			buildActionMask = 2147483647;
			files = (
			);
			runOnlyForDeploymentPostprocessing = 0;
		};
/* End PBXFrameworksBuildPhase section */

/* Begin PBXGroup section */
		1D8F0CED27F5916100E0ACE1 = {
			isa = PBXGroup;
			children = (
				1D8F0CF827F5916100E0ACE1 /* NateList */,
				1D8F0D0927F5916500E0ACE1 /* NateListTests */,
				1D8F0D1327F5916500E0ACE1 /* NateListUITests */,
				1D8F0CF727F5916100E0ACE1 /* Products */,
			);
			sourceTree = "<group>";
		};
		1D8F0CF727F5916100E0ACE1 /* Products */ = {
			isa = PBXGroup;
			children = (
				1D8F0CF627F5916100E0ACE1 /* NateList.app */,
				1D8F0D0627F5916500E0ACE1 /* NateListTests.xctest */,
				1D8F0D1027F5916500E0ACE1 /* NateListUITests.xctest */,
			);
			name = Products;
			sourceTree = "<group>";
		};
		1D8F0CF827F5916100E0ACE1 /* NateList */ = {
			isa = PBXGroup;
			children = (
				1D8F0CF927F5916100E0ACE1 /* NateListApp.swift */,
				1D8F0CFB27F5916100E0ACE1 /* ContentView.swift */,
				1D8F0CFD27F5916400E0ACE1 /* Assets.xcassets */,
				1D8F0CFF27F5916400E0ACE1 /* Preview Content */,
			);
			path = NateList;
			sourceTree = "<group>";
		};
		1D8F0CFF27F5916400E0ACE1 /* Preview Content */ = {
			isa = PBXGroup;
			children = (
				1D8F0D0027F5916400E0ACE1 /* Preview Assets.xcassets */,
			);
			path = "Preview Content";
			sourceTree = "<group>";
		};
		1D8F0D0927F5916500E0ACE1 /* NateListTests */ = {
			isa = PBXGroup;
			children = (
				1D8F0D0A27F5916500E0ACE1 /* NateListTests.swift */,
			);
			path = NateListTests;
			sourceTree = "<group>";
		};
		1D8F0D1327F5916500E0ACE1 /* NateListUITests */ = {
			isa = PBXGroup;
			children = (
				1D8F0D1427F5916500E0ACE1 /* NateListUITests.swift */,
				1D8F0D1627F5916500E0ACE1 /* NateListUITestsLaunchTests.swift */,
			);
			path = NateListUITests;
			sourceTree = "<group>";
		};
/* End PBXGroup section */

/* Begin PBXNativeTarget section */
		1D8F0CF527F5916100E0ACE1 /* NateList */ = {
			isa = PBXNativeTarget;
			buildConfigurationList = 1D8F0D1A27F5916500E0ACE1 /* Build configuration list for PBXNativeTarget "NateList" */;
			buildPhases = (
				1D8F0CF227F5916100E0ACE1 /* Sources */,
				1D8F0CF327F5916100E0ACE1 /* Frameworks */,
				1D8F0CF427F5916100E0ACE1 /* Resources */,
			);
			buildRules = (
			);
			dependencies = (
			);
			name = NateList;
			productName = NateList;
			productReference = 1D8F0CF627F5916100E0ACE1 /* NateList.app */;
			productType = "com.apple.product-type.application";
		};
		1D8F0D0527F5916500E0ACE1 /* NateListTests */ = {
			isa = PBXNativeTarget;
			buildConfigurationList = 1D8F0D1D27F5916500E0ACE1 /* Build configuration list for PBXNativeTarget "NateListTests" */;
			buildPhases = (
				1D8F0D0227F5916500E0ACE1 /* Sources */,
				1D8F0D0327F5916500E0ACE1 /* Frameworks */,
				1D8F0D0427F5916500E0ACE1 /* Resources */,
			);
			buildRules = (
			);
			dependencies = (
				1D8F0D0827F5916500E0ACE1 /* PBXTargetDependency */,
			);
			name = NateListTests;
			productName = NateListTests;
			productReference = 1D8F0D0627F5916500E0ACE1 /* NateListTests.xctest */;
			productType = "com.apple.product-type.bundle.unit-test";
		};
		1D8F0D0F27F5916500E0ACE1 /* NateListUITests */ = {
			isa = PBXNativeTarget;
			buildConfigurationList = 1D8F0D2027F5916500E0ACE1 /* Build configuration list for PBXNativeTarget "NateListUITests" */;
			buildPhases = (
				1D8F0D0C27F5916500E0ACE1 /* Sources */,
				1D8F0D0D27F5916500E0ACE1 /* Frameworks */,
				1D8F0D0E27F5916500E0ACE1 /* Resources */,
			);
			buildRules = (
			);
			dependencies = (
				1D8F0D1227F5916500E0ACE1 /* PBXTargetDependency */,
			);
			name = NateListUITests;
			productName = NateListUITests;
			productReference = 1D8F0D1027F5916500E0ACE1 /* NateListUITests.xctest */;
			productType = "com.apple.product-type.bundle.ui-testing";
		};
/* End PBXNativeTarget section */

/* Begin PBXProject section */
		1D8F0CEE27F5916100E0ACE1 /* Project object */ = {
			isa = PBXProject;
			attributes = {
				BuildIndependentTargetsInParallel = 1;
				LastSwiftUpdateCheck = 1330;
				LastUpgradeCheck = 1330;
				TargetAttributes = {
					1D8F0CF527F5916100E0ACE1 = {
						CreatedOnToolsVersion = 13.3;
					};
					1D8F0D0527F5916500E0ACE1 = {
						CreatedOnToolsVersion = 13.3;
						TestTargetID = 1D8F0CF527F5916100E0ACE1;
					};
					1D8F0D0F27F5916500E0ACE1 = {
						CreatedOnToolsVersion = 13.3;
						TestTargetID = 1D8F0CF527F5916100E0ACE1;
					};
				};
			};
			buildConfigurationList = 1D8F0CF127F5916100E0ACE1 /* Build configuration list for PBXProject "NateList" */;
			compatibilityVersion = "Xcode 13.0";
			developmentRegion = en;
			hasScannedForEncodings = 0;
			knownRegions = (
				en,
				Base,
			);
			mainGroup = 1D8F0CED27F5916100E0ACE1;
			productRefGroup = 1D8F0CF727F5916100E0ACE1 /* Products */;
			projectDirPath = "";
			projectRoot = "";
			targets = (
				1D8F0CF527F5916100E0ACE1 /* NateList */,
				1D8F0D0527F5916500E0ACE1 /* NateListTests */,
				1D8F0D0F27F5916500E0ACE1 /* NateListUITests */,
			);
		};
/* End PBXProject section */

/* Begin PBXResourcesBuildPhase section */
		1D8F0CF427F5916100E0ACE1 /* Resources */ = {
			isa = PBXResourcesBuildPhase;
			buildActionMask = 2147483647;
			files = (
				1D8F0D0127F5916400E0ACE1 /* Preview Assets.xcassets in Resources */,
				1D8F0CFE27F5916400E0ACE1 /* Assets.xcassets in Resources */,
			);
			runOnlyForDeploymentPostprocessing = 0;
		};
		1D8F0D0427F5916500E0ACE1 /* Resources */ = {
			isa = PBXResourcesBuildPhase;
			buildActionMask = 2147483647;
			files = (
			);
			runOnlyForDeploymentPostprocessing = 0;
		};
		1D8F0D0E27F5916500E0ACE1 /* Resources */ = {
			isa = PBXResourcesBuildPhase;
			buildActionMask = 2147483647;
			files = (
			);
			runOnlyForDeploymentPostprocessing = 0;
		};
/* End PBXResourcesBuildPhase section */

/* Begin PBXSourcesBuildPhase section */
		1D8F0CF227F5916100E0ACE1 /* Sources */ = {
			isa = PBXSourcesBuildPhase;
			buildActionMask = 2147483647;
			files = (
				1D8F0CFC27F5916100E0ACE1 /* ContentView.swift in Sources */,
				1D8F0CFA27F5916100E0ACE1 /* NateListApp.swift in Sources */,
			);
			runOnlyForDeploymentPostprocessing = 0;
		};
		1D8F0D0227F5916500E0ACE1 /* Sources */ = {
			isa = PBXSourcesBuildPhase;
			buildActionMask = 2147483647;
			files = (
				1D8F0D0B27F5916500E0ACE1 /* NateListTests.swift in Sources */,
			);
			runOnlyForDeploymentPostprocessing = 0;
		};
		1D8F0D0C27F5916500E0ACE1 /* Sources */ = {
			isa = PBXSourcesBuildPhase;
			buildActionMask = 2147483647;
			files = (
				1D8F0D1727F5916500E0ACE1 /* NateListUITestsLaunchTests.swift in Sources */,
				1D8F0D1527F5916500E0ACE1 /* NateListUITests.swift in Sources */,
			);
			runOnlyForDeploymentPostprocessing = 0;
		};
/* End PBXSourcesBuildPhase section */

/* Begin PBXTargetDependency section */
		1D8F0D0827F5916500E0ACE1 /* PBXTargetDependency */ = {
			isa = PBXTargetDependency;
			target = 1D8F0CF527F5916100E0ACE1 /* NateList */;
			targetProxy = 1D8F0D0727F5916500E0ACE1 /* PBXContainerItemProxy */;
		};
		1D8F0D1227F5916500E0ACE1 /* PBXTargetDependency */ = {
			isa = PBXTargetDependency;
			target = 1D8F0CF527F5916100E0ACE1 /* NateList */;
			targetProxy = 1D8F0D1127F5916500E0ACE1 /* PBXContainerItemProxy */;
		};
/* End PBXTargetDependency section */

/* Begin XCBuildConfiguration section */
		1D8F0D1827F5916500E0ACE1 /* Debug */ = {
			isa = XCBuildConfiguration;
			buildSettings = {
				ALWAYS_SEARCH_USER_PATHS = NO;
				CLANG_ANALYZER_NONNULL = YES;
				CLANG_ANALYZER_NUMBER_OBJECT_CONVERSION = YES_AGGRESSIVE;
				CLANG_CXX_LANGUAGE_STANDARD = "gnu++17";
				CLANG_ENABLE_MODULES = YES;
				CLANG_ENABLE_OBJC_ARC = YES;
				CLANG_ENABLE_OBJC_WEAK = YES;
				CLANG_WARN_BLOCK_CAPTURE_AUTORELEASING = YES;
				CLANG_WARN_BOOL_CONVERSION = YES;
				CLANG_WARN_COMMA = YES;
				CLANG_WARN_CONSTANT_CONVERSION = YES;
				CLANG_WARN_DEPRECATED_OBJC_IMPLEMENTATIONS = YES;
				CLANG_WARN_DIRECT_OBJC_ISA_USAGE = YES_ERROR;
				CLANG_WARN_DOCUMENTATION_COMMENTS = YES;
				CLANG_WARN_EMPTY_BODY = YES;
				CLANG_WARN_ENUM_CONVERSION = YES;
				CLANG_WARN_INFINITE_RECURSION = YES;
				CLANG_WARN_INT_CONVERSION = YES;
				CLANG_WARN_NON_LITERAL_NULL_CONVERSION = YES;
				CLANG_WARN_OBJC_IMPLICIT_RETAIN_SELF = YES;
				CLANG_WARN_OBJC_LITERAL_CONVERSION = YES;
				CLANG_WARN_OBJC_ROOT_CLASS = YES_ERROR;
				CLANG_WARN_QUOTED_INCLUDE_IN_FRAMEWORK_HEADER = YES;
				CLANG_WARN_RANGE_LOOP_ANALYSIS = YES;
				CLANG_WARN_STRICT_PROTOTYPES = YES;
				CLANG_WARN_SUSPICIOUS_MOVE = YES;
				CLANG_WARN_UNGUARDED_AVAILABILITY = YES_AGGRESSIVE;
				CLANG_WARN_UNREACHABLE_CODE = YES;
				CLANG_WARN__DUPLICATE_METHOD_MATCH = YES;
				COPY_PHASE_STRIP = NO;
				DEBUG_INFORMATION_FORMAT = dwarf;
				ENABLE_STRICT_OBJC_MSGSEND = YES;
				ENABLE_TESTABILITY = YES;
				GCC_C_LANGUAGE_STANDARD = gnu11;
				GCC_DYNAMIC_NO_PIC = NO;
				GCC_NO_COMMON_BLOCKS = YES;
				GCC_OPTIMIZATION_LEVEL = 0;
				GCC_PREPROCESSOR_DEFINITIONS = (
					"DEBUG=1",
					"$(inherited)",
				);
				GCC_WARN_64_TO_32_BIT_CONVERSION = YES;
				GCC_WARN_ABOUT_RETURN_TYPE = YES_ERROR;
				GCC_WARN_UNDECLARED_SELECTOR = YES;
				GCC_WARN_UNINITIALIZED_AUTOS = YES_AGGRESSIVE;
				GCC_WARN_UNUSED_FUNCTION = YES;
				GCC_WARN_UNUSED_VARIABLE = YES;
				IPHONEOS_DEPLOYMENT_TARGET = 15.4;
				MTL_ENABLE_DEBUG_INFO = INCLUDE_SOURCE;
				MTL_FAST_MATH = YES;
				ONLY_ACTIVE_ARCH = YES;
				SDKROOT = iphoneos;
				SWIFT_ACTIVE_COMPILATION_CONDITIONS = DEBUG;
				SWIFT_OPTIMIZATION_LEVEL = "-Onone";
			};
			name = Debug;
		};
		1D8F0D1927F5916500E0ACE1 /* Release */ = {
			isa = XCBuildConfiguration;
			buildSettings = {
				ALWAYS_SEARCH_USER_PATHS = NO;
				CLANG_ANALYZER_NONNULL = YES;
				CLANG_ANALYZER_NUMBER_OBJECT_CONVERSION = YES_AGGRESSIVE;
				CLANG_CXX_LANGUAGE_STANDARD = "gnu++17";
				CLANG_ENABLE_MODULES = YES;
				CLANG_ENABLE_OBJC_ARC = YES;
				CLANG_ENABLE_OBJC_WEAK = YES;
				CLANG_WARN_BLOCK_CAPTURE_AUTORELEASING = YES;
				CLANG_WARN_BOOL_CONVERSION = YES;
				CLANG_WARN_COMMA = YES;
				CLANG_WARN_CONSTANT_CONVERSION = YES;
				CLANG_WARN_DEPRECATED_OBJC_IMPLEMENTATIONS = YES;
				CLANG_WARN_DIRECT_OBJC_ISA_USAGE = YES_ERROR;
				CLANG_WARN_DOCUMENTATION_COMMENTS = YES;
				CLANG_WARN_EMPTY_BODY = YES;
				CLANG_WARN_ENUM_CONVERSION = YES;
				CLANG_WARN_INFINITE_RECURSION = YES;
				CLANG_WARN_INT_CONVERSION = YES;
				CLANG_WARN_NON_LITERAL_NULL_CONVERSION = YES;
				CLANG_WARN_OBJC_IMPLICIT_RETAIN_SELF = YES;
				CLANG_WARN_OBJC_LITERAL_CONVERSION = YES;
				CLANG_WARN_OBJC_ROOT_CLASS = YES_ERROR;
				CLANG_WARN_QUOTED_INCLUDE_IN_FRAMEWORK_HEADER = YES;
				CLANG_WARN_RANGE_LOOP_ANALYSIS = YES;
				CLANG_WARN_STRICT_PROTOTYPES = YES;
				CLANG_WARN_SUSPICIOUS_MOVE = YES;
				CLANG_WARN_UNGUARDED_AVAILABILITY = YES_AGGRESSIVE;
				CLANG_WARN_UNREACHABLE_CODE = YES;
				CLANG_WARN__DUPLICATE_METHOD_MATCH = YES;
				COPY_PHASE_STRIP = NO;
				DEBUG_INFORMATION_FORMAT = "dwarf-with-dsym";
				ENABLE_NS_ASSERTIONS = NO;
				ENABLE_STRICT_OBJC_MSGSEND = YES;
				GCC_C_LANGUAGE_STANDARD = gnu11;
				GCC_NO_COMMON_BLOCKS = YES;
				GCC_WARN_64_TO_32_BIT_CONVERSION = YES;
				GCC_WARN_ABOUT_RETURN_TYPE = YES_ERROR;
				GCC_WARN_UNDECLARED_SELECTOR = YES;
				GCC_WARN_UNINITIALIZED_AUTOS = YES_AGGRESSIVE;
				GCC_WARN_UNUSED_FUNCTION = YES;
				GCC_WARN_UNUSED_VARIABLE = YES;
				IPHONEOS_DEPLOYMENT_TARGET = 15.4;
				MTL_ENABLE_DEBUG_INFO = NO;
				MTL_FAST_MATH = YES;
				SDKROOT = iphoneos;
				SWIFT_COMPILATION_MODE = wholemodule;
				SWIFT_OPTIMIZATION_LEVEL = "-O";
				VALIDATE_PRODUCT = YES;
			};
			name = Release;
		};
		1D8F0D1B27F5916500E0ACE1 /* Debug */ = {
			isa = XCBuildConfiguration;
			buildSettings = {
				ASSETCATALOG_COMPILER_APPICON_NAME = AppIcon;
				ASSETCATALOG_COMPILER_GLOBAL_ACCENT_COLOR_NAME = AccentColor;
				CODE_SIGN_STYLE = Automatic;
				CURRENT_PROJECT_VERSION = 1;
				DEVELOPMENT_ASSET_PATHS = "\"NateList/Preview Content\"";
				ENABLE_PREVIEWS = YES;
				GENERATE_INFOPLIST_FILE = YES;
				INFOPLIST_KEY_UIApplicationSceneManifest_Generation = YES;
				INFOPLIST_KEY_UIApplicationSupportsIndirectInputEvents = YES;
				INFOPLIST_KEY_UILaunchScreen_Generation = YES;
				INFOPLIST_KEY_UISupportedInterfaceOrientations_iPad = "UIInterfaceOrientationPortrait UIInterfaceOrientationPortraitUpsideDown UIInterfaceOrientationLandscapeLeft UIInterfaceOrientationLandscapeRight";
				INFOPLIST_KEY_UISupportedInterfaceOrientations_iPhone = "UIInterfaceOrientationPortrait UIInterfaceOrientationLandscapeLeft UIInterfaceOrientationLandscapeRight";
				LD_RUNPATH_SEARCH_PATHS = (
					"$(inherited)",
					"@executable_path/Frameworks",
				);
				MARKETING_VERSION = 1.0;
				PRODUCT_BUNDLE_IDENTIFIER = com.natelist.com.NateList;
				PRODUCT_NAME = "$(TARGET_NAME)";
				SWIFT_EMIT_LOC_STRINGS = YES;
				SWIFT_VERSION = 5.0;
				TARGETED_DEVICE_FAMILY = "1,2";
			};
			name = Debug;
		};
		1D8F0D1C27F5916500E0ACE1 /* Release */ = {
			isa = XCBuildConfiguration;
			buildSettings = {
				ASSETCATALOG_COMPILER_APPICON_NAME = AppIcon;
				ASSETCATALOG_COMPILER_GLOBAL_ACCENT_COLOR_NAME = AccentColor;
				CODE_SIGN_STYLE = Automatic;
				CURRENT_PROJECT_VERSION = 1;
				DEVELOPMENT_ASSET_PATHS = "\"NateList/Preview Content\"";
				ENABLE_PREVIEWS = YES;
				GENERATE_INFOPLIST_FILE = YES;
				INFOPLIST_KEY_UIApplicationSceneManifest_Generation = YES;
				INFOPLIST_KEY_UIApplicationSupportsIndirectInputEvents = YES;
				INFOPLIST_KEY_UILaunchScreen_Generation = YES;
				INFOPLIST_KEY_UISupportedInterfaceOrientations_iPad = "UIInterfaceOrientationPortrait UIInterfaceOrientationPortraitUpsideDown UIInterfaceOrientationLandscapeLeft UIInterfaceOrientationLandscapeRight";
				INFOPLIST_KEY_UISupportedInterfaceOrientations_iPhone = "UIInterfaceOrientationPortrait UIInterfaceOrientationLandscapeLeft UIInterfaceOrientationLandscapeRight";
				LD_RUNPATH_SEARCH_PATHS = (
					"$(inherited)",
					"@executable_path/Frameworks",
				);
				MARKETING_VERSION = 1.0;
				PRODUCT_BUNDLE_IDENTIFIER = com.natelist.com.NateList;
				PRODUCT_NAME = "$(TARGET_NAME)";
				SWIFT_EMIT_LOC_STRINGS = YES;
				SWIFT_VERSION = 5.0;
				TARGETED_DEVICE_FAMILY = "1,2";
			};
			name = Release;
		};
		1D8F0D1E27F5916500E0ACE1 /* Debug */ = {
			isa = XCBuildConfiguration;
			buildSettings = {
				ALWAYS_EMBED_SWIFT_STANDARD_LIBRARIES = YES;
				BUNDLE_LOADER = "$(TEST_HOST)";
				CODE_SIGN_STYLE = Automatic;
				CURRENT_PROJECT_VERSION = 1;
				GENERATE_INFOPLIST_FILE = YES;
				IPHONEOS_DEPLOYMENT_TARGET = 15.4;
				MARKETING_VERSION = 1.0;
				PRODUCT_BUNDLE_IDENTIFIER = com.natelist.com.NateListTests;
				PRODUCT_NAME = "$(TARGET_NAME)";
				SWIFT_EMIT_LOC_STRINGS = NO;
				SWIFT_VERSION = 5.0;
				TARGETED_DEVICE_FAMILY = "1,2";
				TEST_HOST = "$(BUILT_PRODUCTS_DIR)/NateList.app/NateList";
			};
			name = Debug;
		};
		1D8F0D1F27F5916500E0ACE1 /* Release */ = {
			isa = XCBuildConfiguration;
			buildSettings = {
				ALWAYS_EMBED_SWIFT_STANDARD_LIBRARIES = YES;
				BUNDLE_LOADER = "$(TEST_HOST)";
				CODE_SIGN_STYLE = Automatic;
				CURRENT_PROJECT_VERSION = 1;
				GENERATE_INFOPLIST_FILE = YES;
				IPHONEOS_DEPLOYMENT_TARGET = 15.4;
				MARKETING_VERSION = 1.0;
				PRODUCT_BUNDLE_IDENTIFIER = com.natelist.com.NateListTests;
				PRODUCT_NAME = "$(TARGET_NAME)";
				SWIFT_EMIT_LOC_STRINGS = NO;
				SWIFT_VERSION = 5.0;
				TARGETED_DEVICE_FAMILY = "1,2";
				TEST_HOST = "$(BUILT_PRODUCTS_DIR)/NateList.app/NateList";
			};
			name = Release;
		};
		1D8F0D2127F5916500E0ACE1 /* Debug */ = {
			isa = XCBuildConfiguration;
			buildSettings = {
				ALWAYS_EMBED_SWIFT_STANDARD_LIBRARIES = YES;
				CODE_SIGN_STYLE = Automatic;
				CURRENT_PROJECT_VERSION = 1;
				GENERATE_INFOPLIST_FILE = YES;
				MARKETING_VERSION = 1.0;
				PRODUCT_BUNDLE_IDENTIFIER = com.natelist.com.NateListUITests;
				PRODUCT_NAME = "$(TARGET_NAME)";
				SWIFT_EMIT_LOC_STRINGS = NO;
				SWIFT_VERSION = 5.0;
				TARGETED_DEVICE_FAMILY = "1,2";
				TEST_TARGET_NAME = NateList;
			};
			name = Debug;
		};
		1D8F0D2227F5916500E0ACE1 /* Release */ = {
			isa = XCBuildConfiguration;
			buildSettings = {
				ALWAYS_EMBED_SWIFT_STANDARD_LIBRARIES = YES;
				CODE_SIGN_STYLE = Automatic;
				CURRENT_PROJECT_VERSION = 1;
				GENERATE_INFOPLIST_FILE = YES;
				MARKETING_VERSION = 1.0;
				PRODUCT_BUNDLE_IDENTIFIER = com.natelist.com.NateListUITests;
				PRODUCT_NAME = "$(TARGET_NAME)";
				SWIFT_EMIT_LOC_STRINGS = NO;
				SWIFT_VERSION = 5.0;
				TARGETED_DEVICE_FAMILY = "1,2";
				TEST_TARGET_NAME = NateList;
			};
			name = Release;
		};
/* End XCBuildConfiguration section */

/* Begin XCConfigurationList section */
		1D8F0CF127F5916100E0ACE1 /* Build configuration list for PBXProject "NateList" */ = {
			isa = XCConfigurationList;
			buildConfigurations = (
				1D8F0D1827F5916500E0ACE1 /* Debug */,
				1D8F0D1927F5916500E0ACE1 /* Release */,
			);
			defaultConfigurationIsVisible = 0;
			defaultConfigurationName = Release;
		};
		1D8F0D1A27F5916500E0ACE1 /* Build configuration list for PBXNativeTarget "NateList" */ = {
			isa = XCConfigurationList;
			buildConfigurations = (
				1D8F0D1B27F5916500E0ACE1 /* Debug */,
				1D8F0D1C27F5916500E0ACE1 /* Release */,
			);
			defaultConfigurationIsVisible = 0;
			defaultConfigurationName = Release;
		};
		1D8F0D1D27F5916500E0ACE1 /* Build configuration list for PBXNativeTarget "NateListTests" */ = {
			isa = XCConfigurationList;
			buildConfigurations = (
				1D8F0D1E27F5916500E0ACE1 /* Debug */,
				1D8F0D1F27F5916500E0ACE1 /* Release */,
			);
			defaultConfigurationIsVisible = 0;
			defaultConfigurationName = Release;
		};
		1D8F0D2027F5916500E0ACE1 /* Build configuration list for PBXNativeTarget "NateListUITests" */ = {
			isa = XCConfigurationList;
			buildConfigurations = (
				1D8F0D2127F5916500E0ACE1 /* Debug */,
				1D8F0D2227F5916500E0ACE1 /* Release */,
			);
			defaultConfigurationIsVisible = 0;
			defaultConfigurationName = Release;
		};
/* End XCConfigurationList section */
	};
	rootObject = 1D8F0CEE27F5916100E0ACE1 /* Project object */;
}
